
Microsoft Visual Studio Solution File, Format Version 12.00
# Visual Studio Version 16
VisualStudioVersion = 16.0.30002.166
MinimumVisualStudioVersion = 10.0.40219.1
Project("{9A19103F-16F7-4668-BE54-9A1E7A4F7556}") = "BPCalculator", "BPCalculator\BPCalculator.csproj", "{5966DA6C-819D-4303-ADC7-425B8541EC84}"
EndProject
Project("{9A19103F-16F7-4668-BE54-9A1E7A4F7556}") = "BPCalculator.Tests", "BPCalculator.Tests\BPCalculator.Tests.csproj", "{D2376BD3-74CA-4A3E-85F4-39AFEBD6459C}"
EndProject
Project("{9A19103F-16F7-4668-BE54-9A1E7A4F7556}") = "Gherkin", "Gherkin\Gherkin.csproj", "{C394F342-A979-4713-B6EC-6497028A63FF}"
EndProject
Project("{2150E333-8FDC-42A3-9474-1A3956D46DE8}") = "Solution Items", "Solution Items", "{D0D69B53-DD00-4325-B901-E769BEF16125}"
	ProjectSection(SolutionItems) = preProject
		k6.js = k6.js
		Selenium.runsetting = Selenium.runsetting
	EndProjectSection
EndProject
Project("{9A19103F-16F7-4668-BE54-9A1E7A4F7556}") = "Selenium", "Selenium\Selenium.csproj", "{72C2E2FE-9F56-4CDE-AB1E-AF7C85C57E68}"
EndProject
Global
	GlobalSection(SolutionConfigurationPlatforms) = preSolution
		Debug|Any CPU = Debug|Any CPU
		Release|Any CPU = Release|Any CPU
	EndGlobalSection
	GlobalSection(ProjectConfigurationPlatforms) = postSolution
		{5966DA6C-819D-4303-ADC7-425B8541EC84}.Debug|Any CPU.ActiveCfg = Debug|Any CPU
		{5966DA6C-819D-4303-ADC7-425B8541EC84}.Debug|Any CPU.Build.0 = Debug|Any CPU
		{5966DA6C-819D-4303-ADC7-425B8541EC84}.Release|Any CPU.ActiveCfg = Release|Any CPU
		{5966DA6C-819D-4303-ADC7-425B8541EC84}.Release|Any CPU.Build.0 = Release|Any CPU
		{D2376BD3-74CA-4A3E-85F4-39AFEBD6459C}.Debug|Any CPU.ActiveCfg = Debug|Any CPU
		{D2376BD3-74CA-4A3E-85F4-39AFEBD6459C}.Debug|Any CPU.Build.0 = Debug|Any CPU
		{D2376BD3-74CA-4A3E-85F4-39AFEBD6459C}.Release|Any CPU.ActiveCfg = Release|Any CPU
		{D2376BD3-74CA-4A3E-85F4-39AFEBD6459C}.Release|Any CPU.Build.0 = Release|Any CPU
		{C394F342-A979-4713-B6EC-6497028A63FF}.Debug|Any CPU.ActiveCfg = Debug|Any CPU
		{C394F342-A979-4713-B6EC-6497028A63FF}.Debug|Any CPU.Build.0 = Debug|Any CPU
		{C394F342-A979-4713-B6EC-6497028A63FF}.Release|Any CPU.ActiveCfg = Release|Any CPU
		{C394F342-A979-4713-B6EC-6497028A63FF}.Release|Any CPU.Build.0 = Release|Any CPU
		{72C2E2FE-9F56-4CDE-AB1E-AF7C85C57E68}.Debug|Any CPU.ActiveCfg = Debug|Any CPU
		{72C2E2FE-9F56-4CDE-AB1E-AF7C85C57E68}.Debug|Any CPU.Build.0 = Debug|Any CPU
		{72C2E2FE-9F56-4CDE-AB1E-AF7C85C57E68}.Release|Any CPU.ActiveCfg = Release|Any CPU
		{72C2E2FE-9F56-4CDE-AB1E-AF7C85C57E68}.Release|Any CPU.Build.0 = Release|Any CPU
	EndGlobalSection
	GlobalSection(SolutionProperties) = preSolution
		HideSolutionNode = FALSE
	EndGlobalSection
	GlobalSection(ExtensibilityGlobals) = postSolution
		SolutionGuid = {0888B091-BD2A-49F1-9C68-09927D2EC2D8}
	EndGlobalSection
EndGlobal
